{
  "version": 4,
  "terraform_version": "1.13.3",
  "serial": 7,
  "lineage": "c956e9c8-2e25-72d3-7dd5-80f49fe81512",
  "outputs": {},
  "resources": [
    {
      "mode": "managed",
      "type": "yandex_iam_service_account",
      "name": "vm-sa",
      "provider": "provider[\"registry.terraform.io/yandex-cloud/yandex\"]",
      "instances": [
        {
          "schema_version": 1,
          "attributes": {
            "created_at": "2025-11-07T11:23:19Z",
            "description": "Service account for VMs",
            "folder_id": "b1gm3kk8lsfs8nbujfel",
            "id": "ajetptfhpfvtqfolevdt",
            "name": "vm-sa",
            "service_account_id": "ajetptfhpfvtqfolevdt",
            "timeouts": null
          },
          "sensitive_attributes": [],
          "identity_schema_version": 0
        }
      ]
    }
  ],
  "check_results": null
}
