{
  "version": 4,
  "terraform_version": "1.13.3",
  "serial": 13,
  "lineage": "c956e9c8-2e25-72d3-7dd5-80f49fe81512",
  "outputs": {
    "load_balancer_ip": {
      "value": "158.160.197.61",
      "type": "string"
    },
    "target_group_id": {
      "value": "enpeor99qn8o509rogc2",
      "type": "string"
    },
    "vm_external_ips": {
      "value": [
        "158.160.99.213",
        "158.160.98.112"
      ],
      "type": [
        "tuple",
        [
          "string",
          "string"
        ]
      ]
    }
  },
  "resources": [
    {
      "mode": "data",
      "type": "yandex_vpc_subnet",
      "name": "default",
      "provider": "provider[\"registry.terraform.io/yandex-cloud/yandex\"]",
      "instances": [
        {
          "schema_version": 0,
          "attributes": {
            "created_at": "2025-08-08T15:47:39Z",
            "description": "Auto-created default subnet for zone ru-central1-a in default",
            "dhcp_options": [],
            "folder_id": "b1gm3kk8lsfs8nbujfel",
            "id": "e9beof50lr8gol29eh0s",
            "labels": {},
            "name": "default-ru-central1-a",
            "network_id": "enpgpnepbtb31s2sn2gs",
            "route_table_id": "",
            "subnet_id": "e9beof50lr8gol29eh0s",
            "v4_cidr_blocks": [
              "10.128.0.0/24"
            ],
            "v6_cidr_blocks": [],
            "zone": "ru-central1-a"
          },
          "sensitive_attributes": [],
          "identity_schema_version": 0
        }
      ]
    },
    {
      "mode": "managed",
      "type": "yandex_compute_instance",
      "name": "nginx-vm",
      "provider": "provider[\"registry.terraform.io/yandex-cloud/yandex\"]",
      "instances": [
        {
          "index_key": 0,
          "schema_version": 1,
          "attributes": {
            "allow_recreate": null,
            "allow_stopping_for_update": null,
            "boot_disk": [
              {
                "auto_delete": true,
                "device_name": "fhm8b4h2v3a2u36uu2at",
                "disk_id": "fhm8b4h2v3a2u36uu2at",
                "initialize_params": [
                  {
                    "block_size": 4096,
                    "description": "",
                    "image_id": "fd827b91d99psvq5fjit",
                    "kms_key_id": "",
                    "name": "",
                    "size": 10,
                    "snapshot_id": "",
                    "type": "network-hdd"
                  }
                ],
                "mode": "READ_WRITE"
              }
            ],
            "created_at": "2025-11-07T11:27:47Z",
            "description": "",
            "filesystem": [],
            "folder_id": "b1gm3kk8lsfs8nbujfel",
            "fqdn": "fhms0hrtdarmsajjvti5.auto.internal",
            "gpu_cluster_id": "",
            "hardware_generation": [
              {
                "generation2_features": [],
                "legacy_features": [
                  {
                    "pci_topology": "PCI_TOPOLOGY_V1"
                  }
                ]
              }
            ],
            "hostname": "",
            "id": "fhms0hrtdarmsajjvti5",
            "labels": null,
            "local_disk": [],
            "maintenance_grace_period": "",
            "maintenance_policy": null,
            "metadata": {
              "ssh-keys": "ubuntu:ssh-rsa AAAAB3NzaC1yc2EAAAADAQABAAACAQDFJYpzqC4Qe97RsoW0BrdAm533MIXS7fpFKI43KLXK76G0eM14Ujz4qScXmNelDCK5vzkUHXw+vAS2l7T4yCbSfSnQCLIWYq2G1oGrXUTeko8MLcn+WHcnfrX/m1n/LWEedLsUJU0ZU7bGAOqg7UNNx5EgxM6YRzJJx8EGpHwULssx96EAkBC0w9AqJdrbPqb1pOOe86BauY3t5ZUMDSbK9HFT4H854WFMOMRkLhWJegh4X/SBoK/v9hUFmzdsjFVJmIXTWOJMzslLtxsYlWp8rQyrwqrmtlMpMkqcRPl/p931MhACjqz2ze1suGl/GnmE907GtMN4wu+85oIpI6SEB9DgY88iz7G8jRQ4cOTVmPzU8pIyKAW8mEpL7uLy5BABj6jdhtMHNZfvENnoMgMmwbVwQYkiWN+gyl2fr7NGdtI3SOiN/M2s/pcdw1oXco9RVWm0GVfZxeJ2YipWi1o/2erqGXf13M1Io9TIF1vmttyHpV94OIznvA0pBw1yuNsVi+si08MreQaBswETXJFyxRvY2T3qNx5cVCQpdzYJb3QfMOVIHjxE9g0W8XJx/+iU972x7kyoh8DqEWdjG0VBjR9c2NRwbsignwjV82HsXtFHaayWMZ48OsOL4ral7h0Z735CQ5+buz70s7IOwrDuwbzs8lWaexWq5CfzBBuwgQ== link-shortener@yandex-cloud\n",
              "user-data": "#cloud-config\npackage_update: true\npackage_upgrade: true\npackages:\n  - nginx\nruncmd:\n  - systemctl enable nginx\n  - systemctl start nginx\n  - echo \"\u003chtml\u003e\u003cbody\u003e\u003ch1\u003eHello from VM 1 - $(hostname)\u003c/h1\u003e\u003c/body\u003e\u003c/html\u003e\" \u003e /var/www/html/index.html\n  - systemctl restart nginx\n"
            },
            "metadata_options": [
              {
                "aws_v1_http_endpoint": 1,
                "aws_v1_http_token": 2,
                "gce_http_endpoint": 1,
                "gce_http_token": 1
              }
            ],
            "name": "nginx-vm-1",
            "network_acceleration_type": "standard",
            "network_interface": [
              {
                "dns_record": [],
                "index": 0,
                "ip_address": "10.128.0.19",
                "ipv4": true,
                "ipv6": false,
                "ipv6_address": "",
                "ipv6_dns_record": [],
                "mac_address": "d0:0d:1c:04:77:d6",
                "nat": true,
                "nat_dns_record": [],
                "nat_ip_address": "158.160.99.213",
                "nat_ip_version": "IPV4",
                "security_group_ids": null,
                "subnet_id": "e9beof50lr8gol29eh0s"
              }
            ],
            "placement_policy": [
              {
                "host_affinity_rules": [],
                "placement_group_id": "",
                "placement_group_partition": 0
              }
            ],
            "platform_id": "standard-v3",
            "resources": [
              {
                "core_fraction": 100,
                "cores": 2,
                "gpus": 0,
                "memory": 2
              }
            ],
            "scheduling_policy": [
              {
                "preemptible": true
              }
            ],
            "secondary_disk": [],
            "service_account_id": "",
            "status": "running",
            "timeouts": null,
            "zone": "ru-central1-a"
          },
          "sensitive_attributes": [],
          "identity_schema_version": 0,
          "private": "eyJlMmJmYjczMC1lY2FhLTExZTYtOGY4OC0zNDM2M2JjN2M0YzAiOnsiY3JlYXRlIjozMDAwMDAwMDAwMDAsImRlbGV0ZSI6MzAwMDAwMDAwMDAwLCJ1cGRhdGUiOjMwMDAwMDAwMDAwMH0sInNjaGVtYV92ZXJzaW9uIjoiMSJ9",
          "dependencies": [
            "data.yandex_vpc_subnet.default"
          ]
        },
        {
          "index_key": 1,
          "schema_version": 1,
          "attributes": {
            "allow_recreate": null,
            "allow_stopping_for_update": null,
            "boot_disk": [
              {
                "auto_delete": true,
                "device_name": "fhmqf4ho7tg4cq4q5mr5",
                "disk_id": "fhmqf4ho7tg4cq4q5mr5",
                "initialize_params": [
                  {
                    "block_size": 4096,
                    "description": "",
                    "image_id": "fd827b91d99psvq5fjit",
                    "kms_key_id": "",
                    "name": "",
                    "size": 10,
                    "snapshot_id": "",
                    "type": "network-hdd"
                  }
                ],
                "mode": "READ_WRITE"
              }
            ],
            "created_at": "2025-11-07T11:27:47Z",
            "description": "",
            "filesystem": [],
            "folder_id": "b1gm3kk8lsfs8nbujfel",
            "fqdn": "fhm47brqb8e566urfu6i.auto.internal",
            "gpu_cluster_id": "",
            "hardware_generation": [
              {
                "generation2_features": [],
                "legacy_features": [
                  {
                    "pci_topology": "PCI_TOPOLOGY_V1"
                  }
                ]
              }
            ],
            "hostname": "",
            "id": "fhm47brqb8e566urfu6i",
            "labels": null,
            "local_disk": [],
            "maintenance_grace_period": "",
            "maintenance_policy": null,
            "metadata": {
              "ssh-keys": "ubuntu:ssh-rsa AAAAB3NzaC1yc2EAAAADAQABAAACAQDFJYpzqC4Qe97RsoW0BrdAm533MIXS7fpFKI43KLXK76G0eM14Ujz4qScXmNelDCK5vzkUHXw+vAS2l7T4yCbSfSnQCLIWYq2G1oGrXUTeko8MLcn+WHcnfrX/m1n/LWEedLsUJU0ZU7bGAOqg7UNNx5EgxM6YRzJJx8EGpHwULssx96EAkBC0w9AqJdrbPqb1pOOe86BauY3t5ZUMDSbK9HFT4H854WFMOMRkLhWJegh4X/SBoK/v9hUFmzdsjFVJmIXTWOJMzslLtxsYlWp8rQyrwqrmtlMpMkqcRPl/p931MhACjqz2ze1suGl/GnmE907GtMN4wu+85oIpI6SEB9DgY88iz7G8jRQ4cOTVmPzU8pIyKAW8mEpL7uLy5BABj6jdhtMHNZfvENnoMgMmwbVwQYkiWN+gyl2fr7NGdtI3SOiN/M2s/pcdw1oXco9RVWm0GVfZxeJ2YipWi1o/2erqGXf13M1Io9TIF1vmttyHpV94OIznvA0pBw1yuNsVi+si08MreQaBswETXJFyxRvY2T3qNx5cVCQpdzYJb3QfMOVIHjxE9g0W8XJx/+iU972x7kyoh8DqEWdjG0VBjR9c2NRwbsignwjV82HsXtFHaayWMZ48OsOL4ral7h0Z735CQ5+buz70s7IOwrDuwbzs8lWaexWq5CfzBBuwgQ== link-shortener@yandex-cloud\n",
              "user-data": "#cloud-config\npackage_update: true\npackage_upgrade: true\npackages:\n  - nginx\nruncmd:\n  - systemctl enable nginx\n  - systemctl start nginx\n  - echo \"\u003chtml\u003e\u003cbody\u003e\u003ch1\u003eHello from VM 2 - $(hostname)\u003c/h1\u003e\u003c/body\u003e\u003c/html\u003e\" \u003e /var/www/html/index.html\n  - systemctl restart nginx\n"
            },
            "metadata_options": [
              {
                "aws_v1_http_endpoint": 1,
                "aws_v1_http_token": 2,
                "gce_http_endpoint": 1,
                "gce_http_token": 1
              }
            ],
            "name": "nginx-vm-2",
            "network_acceleration_type": "standard",
            "network_interface": [
              {
                "dns_record": [],
                "index": 0,
                "ip_address": "10.128.0.30",
                "ipv4": true,
                "ipv6": false,
                "ipv6_address": "",
                "ipv6_dns_record": [],
                "mac_address": "d0:0d:43:af:7a:5a",
                "nat": true,
                "nat_dns_record": [],
                "nat_ip_address": "158.160.98.112",
                "nat_ip_version": "IPV4",
                "security_group_ids": null,
                "subnet_id": "e9beof50lr8gol29eh0s"
              }
            ],
            "placement_policy": [
              {
                "host_affinity_rules": [],
                "placement_group_id": "",
                "placement_group_partition": 0
              }
            ],
            "platform_id": "standard-v3",
            "resources": [
              {
                "core_fraction": 100,
                "cores": 2,
                "gpus": 0,
                "memory": 2
              }
            ],
            "scheduling_policy": [
              {
                "preemptible": true
              }
            ],
            "secondary_disk": [],
            "service_account_id": "",
            "status": "running",
            "timeouts": null,
            "zone": "ru-central1-a"
          },
          "sensitive_attributes": [],
          "identity_schema_version": 0,
          "private": "eyJlMmJmYjczMC1lY2FhLTExZTYtOGY4OC0zNDM2M2JjN2M0YzAiOnsiY3JlYXRlIjozMDAwMDAwMDAwMDAsImRlbGV0ZSI6MzAwMDAwMDAwMDAwLCJ1cGRhdGUiOjMwMDAwMDAwMDAwMH0sInNjaGVtYV92ZXJzaW9uIjoiMSJ9",
          "dependencies": [
            "data.yandex_vpc_subnet.default"
          ]
        }
      ]
    },
    {
      "mode": "managed",
      "type": "yandex_lb_network_load_balancer",
      "name": "nginx-balancer",
      "provider": "provider[\"registry.terraform.io/yandex-cloud/yandex\"]",
      "instances": [
        {
          "schema_version": 0,
          "attributes": {
            "allow_zonal_shift": false,
            "attached_target_group": [
              {
                "healthcheck": [
                  {
                    "healthy_threshold": 2,
                    "http_options": [
                      {
                        "path": "/",
                        "port": 80
                      }
                    ],
                    "interval": 2,
                    "name": "http-healthcheck",
                    "tcp_options": [],
                    "timeout": 1,
                    "unhealthy_threshold": 2
                  }
                ],
                "target_group_id": "enpeor99qn8o509rogc2"
              }
            ],
            "created_at": "2025-11-07T11:28:44Z",
            "deletion_protection": false,
            "description": "",
            "folder_id": "b1gm3kk8lsfs8nbujfel",
            "id": "enppce0er7f6k8vk7d4n",
            "labels": null,
            "listener": [
              {
                "external_address_spec": [
                  {
                    "address": "158.160.197.61",
                    "ip_version": "ipv4"
                  }
                ],
                "internal_address_spec": [],
                "name": "nginx-listener",
                "port": 80,
                "protocol": "tcp",
                "target_port": 80
              }
            ],
            "name": "nginx-network-balancer",
            "region_id": "ru-central1",
            "timeouts": null,
            "type": "external"
          },
          "sensitive_attributes": [],
          "identity_schema_version": 0,
          "private": "eyJlMmJmYjczMC1lY2FhLTExZTYtOGY4OC0zNDM2M2JjN2M0YzAiOnsiY3JlYXRlIjozMDAwMDAwMDAwMDAsImRlbGV0ZSI6MzAwMDAwMDAwMDAwLCJ1cGRhdGUiOjMwMDAwMDAwMDAwMH19",
          "dependencies": [
            "data.yandex_vpc_subnet.default",
            "yandex_compute_instance.nginx-vm",
            "yandex_lb_target_group.nginx-target-group"
          ]
        }
      ]
    },
    {
      "mode": "managed",
      "type": "yandex_lb_target_group",
      "name": "nginx-target-group",
      "provider": "provider[\"registry.terraform.io/yandex-cloud/yandex\"]",
      "instances": [
        {
          "schema_version": 1,
          "attributes": {
            "created_at": "2025-11-07T11:28:43Z",
            "description": "",
            "folder_id": "b1gm3kk8lsfs8nbujfel",
            "id": "enpeor99qn8o509rogc2",
            "labels": null,
            "name": "nginx-target-group",
            "region_id": "ru-central1",
            "target": [
              {
                "address": "10.128.0.19",
                "subnet_id": "e9beof50lr8gol29eh0s"
              },
              {
                "address": "10.128.0.30",
                "subnet_id": "e9beof50lr8gol29eh0s"
              }
            ],
            "target_group_id": "enpeor99qn8o509rogc2",
            "timeouts": null
          },
          "sensitive_attributes": [],
          "identity_schema_version": 0,
          "dependencies": [
            "data.yandex_vpc_subnet.default",
            "yandex_compute_instance.nginx-vm"
          ]
        }
      ]
    }
  ],
  "check_results": null
}
